
Microsoft Visual Studio Solution File, Format Version 12.00
# Visual Studio for Mac
Project("{FAE04EC0-301F-11D3-BF4B-00C04F79EFBC}") = "Assembly-CSharp", "Assembly-CSharp.csproj", "{BA25E7AF-2028-4294-477F-7B9DB87363EE}"
EndProject
Global
	GlobalSection(SolutionConfigurationPlatforms) = preSolution
		Debug|Any CPU = Debug|Any CPU
		Release|Any CPU = Release|Any CPU
	EndGlobalSection
	GlobalSection(ProjectConfigurationPlatforms) = postSolution
		{BA25E7AF-2028-4294-477F-7B9DB87363EE}.Debug|Any CPU.ActiveCfg = Debug|Any CPU
		{BA25E7AF-2028-4294-477F-7B9DB87363EE}.Debug|Any CPU.Build.0 = Debug|Any CPU
		{BA25E7AF-2028-4294-477F-7B9DB87363EE}.Release|Any CPU.ActiveCfg = Release|Any CPU
		{BA25E7AF-2028-4294-477F-7B9DB87363EE}.Release|Any CPU.Build.0 = Release|Any CPU
	EndGlobalSection
	GlobalSection(SolutionProperties) = preSolution
		HideSolutionNode = FALSE
	EndGlobalSection
EndGlobal
